
Microsoft Visual Studio Solution File, Format Version 12.00
# Visual Studio 15
VisualStudioVersion = 15.0.27130.2010
MinimumVisualStudioVersion = 10.0.40219.1
Project("{FAE04EC0-301F-11D3-BF4B-00C04F79EFBC}") = "CalculoPrev.DAL", "CalculoPrev\CalculoPrev.DAL.csproj", "{A5859E0E-3C08-4045-B8DC-B3FB13655B00}"
EndProject
Project("{FAE04EC0-301F-11D3-BF4B-00C04F79EFBC}") = "CalculoPrev.Web", "CalculoPrev.Web\CalculoPrev.Web.csproj", "{F29327A9-19E0-4C33-A767-8E53DDB5AC4E}"
EndProject
Project("{FAE04EC0-301F-11D3-BF4B-00C04F79EFBC}") = "CalculoPrev.Domain", "CalculoPrev.Domain\CalculoPrev.Domain.csproj", "{C3B9794A-51EF-477A-BA89-7EB125FF9C7C}"
EndProject
Global
	GlobalSection(SolutionConfigurationPlatforms) = preSolution
		Debug|Any CPU = Debug|Any CPU
		Release|Any CPU = Release|Any CPU
	EndGlobalSection
	GlobalSection(ProjectConfigurationPlatforms) = postSolution
		{A5859E0E-3C08-4045-B8DC-B3FB13655B00}.Debug|Any CPU.ActiveCfg = Debug|Any CPU
		{A5859E0E-3C08-4045-B8DC-B3FB13655B00}.Debug|Any CPU.Build.0 = Debug|Any CPU
		{A5859E0E-3C08-4045-B8DC-B3FB13655B00}.Release|Any CPU.ActiveCfg = Release|Any CPU
		{A5859E0E-3C08-4045-B8DC-B3FB13655B00}.Release|Any CPU.Build.0 = Release|Any CPU
		{F29327A9-19E0-4C33-A767-8E53DDB5AC4E}.Debug|Any CPU.ActiveCfg = Debug|Any CPU
		{F29327A9-19E0-4C33-A767-8E53DDB5AC4E}.Debug|Any CPU.Build.0 = Debug|Any CPU
		{F29327A9-19E0-4C33-A767-8E53DDB5AC4E}.Release|Any CPU.ActiveCfg = Release|Any CPU
		{F29327A9-19E0-4C33-A767-8E53DDB5AC4E}.Release|Any CPU.Build.0 = Release|Any CPU
		{C3B9794A-51EF-477A-BA89-7EB125FF9C7C}.Debug|Any CPU.ActiveCfg = Debug|Any CPU
		{C3B9794A-51EF-477A-BA89-7EB125FF9C7C}.Debug|Any CPU.Build.0 = Debug|Any CPU
		{C3B9794A-51EF-477A-BA89-7EB125FF9C7C}.Release|Any CPU.ActiveCfg = Release|Any CPU
		{C3B9794A-51EF-477A-BA89-7EB125FF9C7C}.Release|Any CPU.Build.0 = Release|Any CPU
	EndGlobalSection
	GlobalSection(SolutionProperties) = preSolution
		HideSolutionNode = FALSE
	EndGlobalSection
	GlobalSection(ExtensibilityGlobals) = postSolution
		SolutionGuid = {04D63686-9F1C-43CC-BE6A-304194556437}
	EndGlobalSection
EndGlobal
